
Microsoft Visual Studio Solution File, Format Version 12.00
# Visual Studio Version 16
VisualStudioVersion = 16.0.29306.81
MinimumVisualStudioVersion = 10.0.40219.1
Project("{FAE04EC0-301F-11D3-BF4B-00C04F79EFBC}") = "PlayersMVVM", "PilkarzeMVVM\PlayersMVVM.csproj", "{142BF5CA-B226-4CE1-8758-E542F19697C6}"
EndProject
Global
	GlobalSection(SolutionConfigurationPlatforms) = preSolution
		Debug|Any CPU = Debug|Any CPU
		Release|Any CPU = Release|Any CPU
	EndGlobalSection
	GlobalSection(ProjectConfigurationPlatforms) = postSolution
		{142BF5CA-B226-4CE1-8758-E542F19697C6}.Debug|Any CPU.ActiveCfg = Debug|Any CPU
		{142BF5CA-B226-4CE1-8758-E542F19697C6}.Debug|Any CPU.Build.0 = Debug|Any CPU
		{142BF5CA-B226-4CE1-8758-E542F19697C6}.Release|Any CPU.ActiveCfg = Release|Any CPU
		{142BF5CA-B226-4CE1-8758-E542F19697C6}.Release|Any CPU.Build.0 = Release|Any CPU
	EndGlobalSection
	GlobalSection(SolutionProperties) = preSolution
		HideSolutionNode = FALSE
	EndGlobalSection
	GlobalSection(ExtensibilityGlobals) = postSolution
		SolutionGuid = {E969E8E7-4154-42F0-B5E9-A43B26D3CDEB}
	EndGlobalSection
EndGlobal
